// !$*UTF8*$!
{
	archiveVersion = 1;
	classes = {
	};
	objectVersion = 50;
	objects = {

/* Begin PBXBuildFile section */
		391535E526A9432A009535DC /* AppDelegate.swift in Sources */ = {isa = PBXBuildFile; fileRef = 391535E426A9432A009535DC /* AppDelegate.swift */; };
		391535E726A9432A009535DC /* SceneDelegate.swift in Sources */ = {isa = PBXBuildFile; fileRef = 391535E626A9432A009535DC /* SceneDelegate.swift */; };
		391535EE26A94330009535DC /* Assets.xcassets in Resources */ = {isa = PBXBuildFile; fileRef = 391535ED26A94330009535DC /* Assets.xcassets */; };
		391535F126A94330009535DC /* LaunchScreen.storyboard in Resources */ = {isa = PBXBuildFile; fileRef = 391535EF26A94330009535DC /* LaunchScreen.storyboard */; };
		391535FC26A94330009535DC /* GHSearchTests.swift in Sources */ = {isa = PBXBuildFile; fileRef = 391535FB26A94330009535DC /* GHSearchTests.swift */; };
		3915360726A94330009535DC /* GHSearchUITests.swift in Sources */ = {isa = PBXBuildFile; fileRef = 3915360626A94330009535DC /* GHSearchUITests.swift */; };
		3BBF554BDE0BB7112809C726 /* Pods_GHSearch_GHSearchUITests.framework in Frameworks */ = {isa = PBXBuildFile; fileRef = 3F67C26DA133E4F038CFB9A3 /* Pods_GHSearch_GHSearchUITests.framework */; };
		74C268215FB12E45FD1F656C /* Pods_GHSearch.framework in Frameworks */ = {isa = PBXBuildFile; fileRef = A8F52A9A137EF4132DC30444 /* Pods_GHSearch.framework */; };
		DDDF013E62F76FB3D8D58DA9 /* Pods_GHSearchTests.framework in Frameworks */ = {isa = PBXBuildFile; fileRef = FA95904BA4D40943945F3CEA /* Pods_GHSearchTests.framework */; };
/* End PBXBuildFile section */

/* Begin PBXContainerItemProxy section */
		391535F826A94330009535DC /* PBXContainerItemProxy */ = {
			isa = PBXContainerItemProxy;
			containerPortal = 391535D926A94329009535DC /* Project object */;
			proxyType = 1;
			remoteGlobalIDString = 391535E026A9432A009535DC;
			remoteInfo = GHSearch;
		};
		3915360326A94330009535DC /* PBXContainerItemProxy */ = {
			isa = PBXContainerItemProxy;
			containerPortal = 391535D926A94329009535DC /* Project object */;
			proxyType = 1;
			remoteGlobalIDString = 391535E026A9432A009535DC;
			remoteInfo = GHSearch;
		};
/* End PBXContainerItemProxy section */

/* Begin PBXFileReference section */
		0C61E13AF61227E6CF9F9E8C /* Pods-GHSearchTests.release.xcconfig */ = {isa = PBXFileReference; includeInIndex = 1; lastKnownFileType = text.xcconfig; name = "Pods-GHSearchTests.release.xcconfig"; path = "Target Support Files/Pods-GHSearchTests/Pods-GHSearchTests.release.xcconfig"; sourceTree = "<group>"; };
		391535E126A9432A009535DC /* GHSearch.app */ = {isa = PBXFileReference; explicitFileType = wrapper.application; includeInIndex = 0; path = GHSearch.app; sourceTree = BUILT_PRODUCTS_DIR; };
		391535E426A9432A009535DC /* AppDelegate.swift */ = {isa = PBXFileReference; lastKnownFileType = sourcecode.swift; path = AppDelegate.swift; sourceTree = "<group>"; };
		391535E626A9432A009535DC /* SceneDelegate.swift */ = {isa = PBXFileReference; lastKnownFileType = sourcecode.swift; path = SceneDelegate.swift; sourceTree = "<group>"; };
		391535ED26A94330009535DC /* Assets.xcassets */ = {isa = PBXFileReference; lastKnownFileType = folder.assetcatalog; path = Assets.xcassets; sourceTree = "<group>"; };
		391535F026A94330009535DC /* Base */ = {isa = PBXFileReference; lastKnownFileType = file.storyboard; name = Base; path = Base.lproj/LaunchScreen.storyboard; sourceTree = "<group>"; };
		391535F226A94330009535DC /* Info.plist */ = {isa = PBXFileReference; lastKnownFileType = text.plist.xml; path = Info.plist; sourceTree = "<group>"; };
		391535F726A94330009535DC /* GHSearchTests.xctest */ = {isa = PBXFileReference; explicitFileType = wrapper.cfbundle; includeInIndex = 0; path = GHSearchTests.xctest; sourceTree = BUILT_PRODUCTS_DIR; };
		391535FB26A94330009535DC /* GHSearchTests.swift */ = {isa = PBXFileReference; lastKnownFileType = sourcecode.swift; path = GHSearchTests.swift; sourceTree = "<group>"; };
		391535FD26A94330009535DC /* Info.plist */ = {isa = PBXFileReference; lastKnownFileType = text.plist.xml; path = Info.plist; sourceTree = "<group>"; };
		3915360226A94330009535DC /* GHSearchUITests.xctest */ = {isa = PBXFileReference; explicitFileType = wrapper.cfbundle; includeInIndex = 0; path = GHSearchUITests.xctest; sourceTree = BUILT_PRODUCTS_DIR; };
		3915360626A94330009535DC /* GHSearchUITests.swift */ = {isa = PBXFileReference; lastKnownFileType = sourcecode.swift; path = GHSearchUITests.swift; sourceTree = "<group>"; };
		3915360826A94330009535DC /* Info.plist */ = {isa = PBXFileReference; lastKnownFileType = text.plist.xml; path = Info.plist; sourceTree = "<group>"; };
		3F67C26DA133E4F038CFB9A3 /* Pods_GHSearch_GHSearchUITests.framework */ = {isa = PBXFileReference; explicitFileType = wrapper.framework; includeInIndex = 0; path = Pods_GHSearch_GHSearchUITests.framework; sourceTree = BUILT_PRODUCTS_DIR; };
		44E1ABD841FF50995A246012 /* Pods-GHSearchTests.debug.xcconfig */ = {isa = PBXFileReference; includeInIndex = 1; lastKnownFileType = text.xcconfig; name = "Pods-GHSearchTests.debug.xcconfig"; path = "Target Support Files/Pods-GHSearchTests/Pods-GHSearchTests.debug.xcconfig"; sourceTree = "<group>"; };
		485AB5F784003471C7F0E9DB /* Pods-GHSearch-GHSearchUITests.release.xcconfig */ = {isa = PBXFileReference; includeInIndex = 1; lastKnownFileType = text.xcconfig; name = "Pods-GHSearch-GHSearchUITests.release.xcconfig"; path = "Target Support Files/Pods-GHSearch-GHSearchUITests/Pods-GHSearch-GHSearchUITests.release.xcconfig"; sourceTree = "<group>"; };
		6314BC6CB9AF52DD54E0EFF5 /* Pods-GHSearch.release.xcconfig */ = {isa = PBXFileReference; includeInIndex = 1; lastKnownFileType = text.xcconfig; name = "Pods-GHSearch.release.xcconfig"; path = "Target Support Files/Pods-GHSearch/Pods-GHSearch.release.xcconfig"; sourceTree = "<group>"; };
		95E7329D4F43A355BBFFCF36 /* Pods-GHSearch-GHSearchUITests.debug.xcconfig */ = {isa = PBXFileReference; includeInIndex = 1; lastKnownFileType = text.xcconfig; name = "Pods-GHSearch-GHSearchUITests.debug.xcconfig"; path = "Target Support Files/Pods-GHSearch-GHSearchUITests/Pods-GHSearch-GHSearchUITests.debug.xcconfig"; sourceTree = "<group>"; };
		A8F52A9A137EF4132DC30444 /* Pods_GHSearch.framework */ = {isa = PBXFileReference; explicitFileType = wrapper.framework; includeInIndex = 0; path = Pods_GHSearch.framework; sourceTree = BUILT_PRODUCTS_DIR; };
		BAF6FFD29E6FF3CC3E4F75C2 /* Pods-GHSearch.debug.xcconfig */ = {isa = PBXFileReference; includeInIndex = 1; lastKnownFileType = text.xcconfig; name = "Pods-GHSearch.debug.xcconfig"; path = "Target Support Files/Pods-GHSearch/Pods-GHSearch.debug.xcconfig"; sourceTree = "<group>"; };
		FA95904BA4D40943945F3CEA /* Pods_GHSearchTests.framework */ = {isa = PBXFileReference; explicitFileType = wrapper.framework; includeInIndex = 0; path = Pods_GHSearchTests.framework; sourceTree = BUILT_PRODUCTS_DIR; };
/* End PBXFileReference section */

/* Begin PBXFrameworksBuildPhase section */
		391535DE26A9432A009535DC /* Frameworks */ = {
			isa = PBXFrameworksBuildPhase;
			buildActionMask = 2147483647;
			files = (
				74C268215FB12E45FD1F656C /* Pods_GHSearch.framework in Frameworks */,
			);
			runOnlyForDeploymentPostprocessing = 0;
		};
		391535F426A94330009535DC /* Frameworks */ = {
			isa = PBXFrameworksBuildPhase;
			buildActionMask = 2147483647;
			files = (
				DDDF013E62F76FB3D8D58DA9 /* Pods_GHSearchTests.framework in Frameworks */,
			);
			runOnlyForDeploymentPostprocessing = 0;
		};
		391535FF26A94330009535DC /* Frameworks */ = {
			isa = PBXFrameworksBuildPhase;
			buildActionMask = 2147483647;
			files = (
				3BBF554BDE0BB7112809C726 /* Pods_GHSearch_GHSearchUITests.framework in Frameworks */,
			);
			runOnlyForDeploymentPostprocessing = 0;
		};
/* End PBXFrameworksBuildPhase section */

/* Begin PBXGroup section */
		030E1D2AD4E08179208EEA96 /* Pods */ = {
			isa = PBXGroup;
			children = (
				BAF6FFD29E6FF3CC3E4F75C2 /* Pods-GHSearch.debug.xcconfig */,
				6314BC6CB9AF52DD54E0EFF5 /* Pods-GHSearch.release.xcconfig */,
				95E7329D4F43A355BBFFCF36 /* Pods-GHSearch-GHSearchUITests.debug.xcconfig */,
				485AB5F784003471C7F0E9DB /* Pods-GHSearch-GHSearchUITests.release.xcconfig */,
				44E1ABD841FF50995A246012 /* Pods-GHSearchTests.debug.xcconfig */,
				0C61E13AF61227E6CF9F9E8C /* Pods-GHSearchTests.release.xcconfig */,
			);
			name = Pods;
			path = Pods;
			sourceTree = "<group>";
		};
		1EC3948F368D3B04DE091A26 /* Frameworks */ = {
			isa = PBXGroup;
			children = (
				A8F52A9A137EF4132DC30444 /* Pods_GHSearch.framework */,
				3F67C26DA133E4F038CFB9A3 /* Pods_GHSearch_GHSearchUITests.framework */,
				FA95904BA4D40943945F3CEA /* Pods_GHSearchTests.framework */,
			);
			name = Frameworks;
			sourceTree = "<group>";
		};
		391535D826A94329009535DC = {
			isa = PBXGroup;
			children = (
				391535E326A9432A009535DC /* GHSearch */,
				391535FA26A94330009535DC /* GHSearchTests */,
				3915360526A94330009535DC /* GHSearchUITests */,
				391535E226A9432A009535DC /* Products */,
				030E1D2AD4E08179208EEA96 /* Pods */,
				1EC3948F368D3B04DE091A26 /* Frameworks */,
			);
			sourceTree = "<group>";
		};
		391535E226A9432A009535DC /* Products */ = {
			isa = PBXGroup;
			children = (
				391535E126A9432A009535DC /* GHSearch.app */,
				391535F726A94330009535DC /* GHSearchTests.xctest */,
				3915360226A94330009535DC /* GHSearchUITests.xctest */,
			);
			name = Products;
			sourceTree = "<group>";
		};
		391535E326A9432A009535DC /* GHSearch */ = {
			isa = PBXGroup;
			children = (
				391535E426A9432A009535DC /* AppDelegate.swift */,
				391535E626A9432A009535DC /* SceneDelegate.swift */,
				391535ED26A94330009535DC /* Assets.xcassets */,
				391535EF26A94330009535DC /* LaunchScreen.storyboard */,
				391535F226A94330009535DC /* Info.plist */,
			);
			path = GHSearch;
			sourceTree = "<group>";
		};
		391535FA26A94330009535DC /* GHSearchTests */ = {
			isa = PBXGroup;
			children = (
				391535FB26A94330009535DC /* GHSearchTests.swift */,
				391535FD26A94330009535DC /* Info.plist */,
			);
			path = GHSearchTests;
			sourceTree = "<group>";
		};
		3915360526A94330009535DC /* GHSearchUITests */ = {
			isa = PBXGroup;
			children = (
				3915360626A94330009535DC /* GHSearchUITests.swift */,
				3915360826A94330009535DC /* Info.plist */,
			);
			path = GHSearchUITests;
			sourceTree = "<group>";
		};
/* End PBXGroup section */

/* Begin PBXNativeTarget section */
		391535E026A9432A009535DC /* GHSearch */ = {
			isa = PBXNativeTarget;
			buildConfigurationList = 3915360B26A94330009535DC /* Build configuration list for PBXNativeTarget "GHSearch" */;
			buildPhases = (
				72308760197C66E495BFD1A0 /* [CP] Check Pods Manifest.lock */,
				391535DD26A9432A009535DC /* Sources */,
				391535DE26A9432A009535DC /* Frameworks */,
				391535DF26A9432A009535DC /* Resources */,
				EF10379F98FA51F4421F0692 /* [CP] Embed Pods Frameworks */,
			);
			buildRules = (
			);
			dependencies = (
			);
			name = GHSearch;
			productName = GHSearch;
			productReference = 391535E126A9432A009535DC /* GHSearch.app */;
			productType = "com.apple.product-type.application";
		};
		391535F626A94330009535DC /* GHSearchTests */ = {
			isa = PBXNativeTarget;
			buildConfigurationList = 3915360E26A94330009535DC /* Build configuration list for PBXNativeTarget "GHSearchTests" */;
			buildPhases = (
				1C3BFC9ED8A30515CDC23860 /* [CP] Check Pods Manifest.lock */,
				391535F326A94330009535DC /* Sources */,
				391535F426A94330009535DC /* Frameworks */,
				391535F526A94330009535DC /* Resources */,
			);
			buildRules = (
			);
			dependencies = (
				391535F926A94330009535DC /* PBXTargetDependency */,
			);
			name = GHSearchTests;
			productName = GHSearchTests;
			productReference = 391535F726A94330009535DC /* GHSearchTests.xctest */;
			productType = "com.apple.product-type.bundle.unit-test";
		};
		3915360126A94330009535DC /* GHSearchUITests */ = {
			isa = PBXNativeTarget;
			buildConfigurationList = 3915361126A94330009535DC /* Build configuration list for PBXNativeTarget "GHSearchUITests" */;
			buildPhases = (
				13713D4AE7A6B3AC63D8E85B /* [CP] Check Pods Manifest.lock */,
				391535FE26A94330009535DC /* Sources */,
				391535FF26A94330009535DC /* Frameworks */,
				3915360026A94330009535DC /* Resources */,
				70A0F351A8E38BAA32267FEB /* [CP] Embed Pods Frameworks */,
			);
			buildRules = (
			);
			dependencies = (
				3915360426A94330009535DC /* PBXTargetDependency */,
			);
			name = GHSearchUITests;
			productName = GHSearchUITests;
			productReference = 3915360226A94330009535DC /* GHSearchUITests.xctest */;
			productType = "com.apple.product-type.bundle.ui-testing";
		};
/* End PBXNativeTarget section */

/* Begin PBXProject section */
		391535D926A94329009535DC /* Project object */ = {
			isa = PBXProject;
			attributes = {
				LastSwiftUpdateCheck = 1250;
				LastUpgradeCheck = 1250;
				TargetAttributes = {
					391535E026A9432A009535DC = {
						CreatedOnToolsVersion = 12.5.1;
					};
					391535F626A94330009535DC = {
						CreatedOnToolsVersion = 12.5.1;
						TestTargetID = 391535E026A9432A009535DC;
					};
					3915360126A94330009535DC = {
						CreatedOnToolsVersion = 12.5.1;
						TestTargetID = 391535E026A9432A009535DC;
					};
				};
			};
			buildConfigurationList = 391535DC26A94329009535DC /* Build configuration list for PBXProject "GHSearch" */;
			compatibilityVersion = "Xcode 9.3";
			developmentRegion = en;
			hasScannedForEncodings = 0;
			knownRegions = (
				en,
				Base,
			);
			mainGroup = 391535D826A94329009535DC;
			productRefGroup = 391535E226A9432A009535DC /* Products */;
			projectDirPath = "";
			projectRoot = "";
			targets = (
				391535E026A9432A009535DC /* GHSearch */,
				391535F626A94330009535DC /* GHSearchTests */,
				3915360126A94330009535DC /* GHSearchUITests */,
			);
		};
/* End PBXProject section */

/* Begin PBXResourcesBuildPhase section */
		391535DF26A9432A009535DC /* Resources */ = {
			isa = PBXResourcesBuildPhase;
			buildActionMask = 2147483647;
			files = (
				391535F126A94330009535DC /* LaunchScreen.storyboard in Resources */,
				391535EE26A94330009535DC /* Assets.xcassets in Resources */,
			);
			runOnlyForDeploymentPostprocessing = 0;
		};
		391535F526A94330009535DC /* Resources */ = {
			isa = PBXResourcesBuildPhase;
			buildActionMask = 2147483647;
			files = (
			);
			runOnlyForDeploymentPostprocessing = 0;
		};
		3915360026A94330009535DC /* Resources */ = {
			isa = PBXResourcesBuildPhase;
			buildActionMask = 2147483647;
			files = (
			);
			runOnlyForDeploymentPostprocessing = 0;
		};
/* End PBXResourcesBuildPhase section */

/* Begin PBXShellScriptBuildPhase section */
		13713D4AE7A6B3AC63D8E85B /* [CP] Check Pods Manifest.lock */ = {
			isa = PBXShellScriptBuildPhase;
			buildActionMask = 2147483647;
			files = (
			);
			inputFileListPaths = (
			);
			inputPaths = (
				"${PODS_PODFILE_DIR_PATH}/Podfile.lock",
				"${PODS_ROOT}/Manifest.lock",
			);
			name = "[CP] Check Pods Manifest.lock";
			outputFileListPaths = (
			);
			outputPaths = (
				"$(DERIVED_FILE_DIR)/Pods-GHSearch-GHSearchUITests-checkManifestLockResult.txt",
			);
			runOnlyForDeploymentPostprocessing = 0;
			shellPath = /bin/sh;
			shellScript = "diff \"${PODS_PODFILE_DIR_PATH}/Podfile.lock\" \"${PODS_ROOT}/Manifest.lock\" > /dev/null\nif [ $? != 0 ] ; then\n    # print error to STDERR\n    echo \"error: The sandbox is not in sync with the Podfile.lock. Run 'pod install' or update your CocoaPods installation.\" >&2\n    exit 1\nfi\n# This output is used by Xcode 'outputs' to avoid re-running this script phase.\necho \"SUCCESS\" > \"${SCRIPT_OUTPUT_FILE_0}\"\n";
			showEnvVarsInLog = 0;
		};
		1C3BFC9ED8A30515CDC23860 /* [CP] Check Pods Manifest.lock */ = {
			isa = PBXShellScriptBuildPhase;
			buildActionMask = 2147483647;
			files = (
			);
			inputFileListPaths = (
			);
			inputPaths = (
				"${PODS_PODFILE_DIR_PATH}/Podfile.lock",
				"${PODS_ROOT}/Manifest.lock",
			);
			name = "[CP] Check Pods Manifest.lock";
			outputFileListPaths = (
			);
			outputPaths = (
				"$(DERIVED_FILE_DIR)/Pods-GHSearchTests-checkManifestLockResult.txt",
			);
			runOnlyForDeploymentPostprocessing = 0;
			shellPath = /bin/sh;
			shellScript = "diff \"${PODS_PODFILE_DIR_PATH}/Podfile.lock\" \"${PODS_ROOT}/Manifest.lock\" > /dev/null\nif [ $? != 0 ] ; then\n    # print error to STDERR\n    echo \"error: The sandbox is not in sync with the Podfile.lock. Run 'pod install' or update your CocoaPods installation.\" >&2\n    exit 1\nfi\n# This output is used by Xcode 'outputs' to avoid re-running this script phase.\necho \"SUCCESS\" > \"${SCRIPT_OUTPUT_FILE_0}\"\n";
			showEnvVarsInLog = 0;
		};
		70A0F351A8E38BAA32267FEB /* [CP] Embed Pods Frameworks */ = {
			isa = PBXShellScriptBuildPhase;
			buildActionMask = 2147483647;
			files = (
			);
			inputFileListPaths = (
				"${PODS_ROOT}/Target Support Files/Pods-GHSearch-GHSearchUITests/Pods-GHSearch-GHSearchUITests-frameworks-${CONFIGURATION}-input-files.xcfilelist",
			);
			name = "[CP] Embed Pods Frameworks";
			outputFileListPaths = (
				"${PODS_ROOT}/Target Support Files/Pods-GHSearch-GHSearchUITests/Pods-GHSearch-GHSearchUITests-frameworks-${CONFIGURATION}-output-files.xcfilelist",
			);
			runOnlyForDeploymentPostprocessing = 0;
			shellPath = /bin/sh;
			shellScript = "\"${PODS_ROOT}/Target Support Files/Pods-GHSearch-GHSearchUITests/Pods-GHSearch-GHSearchUITests-frameworks.sh\"\n";
			showEnvVarsInLog = 0;
		};
		72308760197C66E495BFD1A0 /* [CP] Check Pods Manifest.lock */ = {
			isa = PBXShellScriptBuildPhase;
			buildActionMask = 2147483647;
			files = (
			);
			inputFileListPaths = (
			);
			inputPaths = (
				"${PODS_PODFILE_DIR_PATH}/Podfile.lock",
				"${PODS_ROOT}/Manifest.lock",
			);
			name = "[CP] Check Pods Manifest.lock";
			outputFileListPaths = (
			);
			outputPaths = (
				"$(DERIVED_FILE_DIR)/Pods-GHSearch-checkManifestLockResult.txt",
			);
			runOnlyForDeploymentPostprocessing = 0;
			shellPath = /bin/sh;
			shellScript = "diff \"${PODS_PODFILE_DIR_PATH}/Podfile.lock\" \"${PODS_ROOT}/Manifest.lock\" > /dev/null\nif [ $? != 0 ] ; then\n    # print error to STDERR\n    echo \"error: The sandbox is not in sync with the Podfile.lock. Run 'pod install' or update your CocoaPods installation.\" >&2\n    exit 1\nfi\n# This output is used by Xcode 'outputs' to avoid re-running this script phase.\necho \"SUCCESS\" > \"${SCRIPT_OUTPUT_FILE_0}\"\n";
			showEnvVarsInLog = 0;
		};
		EF10379F98FA51F4421F0692 /* [CP] Embed Pods Frameworks */ = {
			isa = PBXShellScriptBuildPhase;
			buildActionMask = 2147483647;
			files = (
			);
			inputFileListPaths = (
				"${PODS_ROOT}/Target Support Files/Pods-GHSearch/Pods-GHSearch-frameworks-${CONFIGURATION}-input-files.xcfilelist",
			);
			name = "[CP] Embed Pods Frameworks";
			outputFileListPaths = (
				"${PODS_ROOT}/Target Support Files/Pods-GHSearch/Pods-GHSearch-frameworks-${CONFIGURATION}-output-files.xcfilelist",
			);
			runOnlyForDeploymentPostprocessing = 0;
			shellPath = /bin/sh;
			shellScript = "\"${PODS_ROOT}/Target Support Files/Pods-GHSearch/Pods-GHSearch-frameworks.sh\"\n";
			showEnvVarsInLog = 0;
		};
/* End PBXShellScriptBuildPhase section */

/* Begin PBXSourcesBuildPhase section */
		391535DD26A9432A009535DC /* Sources */ = {
			isa = PBXSourcesBuildPhase;
			buildActionMask = 2147483647;
			files = (
				391535E526A9432A009535DC /* AppDelegate.swift in Sources */,
				391535E726A9432A009535DC /* SceneDelegate.swift in Sources */,
			);
			runOnlyForDeploymentPostprocessing = 0;
		};
		391535F326A94330009535DC /* Sources */ = {
			isa = PBXSourcesBuildPhase;
			buildActionMask = 2147483647;
			files = (
				391535FC26A94330009535DC /* GHSearchTests.swift in Sources */,
			);
			runOnlyForDeploymentPostprocessing = 0;
		};
		391535FE26A94330009535DC /* Sources */ = {
			isa = PBXSourcesBuildPhase;
			buildActionMask = 2147483647;
			files = (
				3915360726A94330009535DC /* GHSearchUITests.swift in Sources */,
			);
			runOnlyForDeploymentPostprocessing = 0;
		};
/* End PBXSourcesBuildPhase section */

/* Begin PBXTargetDependency section */
		391535F926A94330009535DC /* PBXTargetDependency */ = {
			isa = PBXTargetDependency;
			target = 391535E026A9432A009535DC /* GHSearch */;
			targetProxy = 391535F826A94330009535DC /* PBXContainerItemProxy */;
		};
		3915360426A94330009535DC /* PBXTargetDependency */ = {
			isa = PBXTargetDependency;
			target = 391535E026A9432A009535DC /* GHSearch */;
			targetProxy = 3915360326A94330009535DC /* PBXContainerItemProxy */;
		};
/* End PBXTargetDependency section */

/* Begin PBXVariantGroup section */
		391535EF26A94330009535DC /* LaunchScreen.storyboard */ = {
			isa = PBXVariantGroup;
			children = (
				391535F026A94330009535DC /* Base */,
			);
			name = LaunchScreen.storyboard;
			sourceTree = "<group>";
		};
/* End PBXVariantGroup section */

/* Begin XCBuildConfiguration section */
		3915360926A94330009535DC /* Debug */ = {
			isa = XCBuildConfiguration;
			buildSettings = {
				ALWAYS_SEARCH_USER_PATHS = NO;
				CLANG_ANALYZER_NONNULL = YES;
				CLANG_ANALYZER_NUMBER_OBJECT_CONVERSION = YES_AGGRESSIVE;
				CLANG_CXX_LANGUAGE_STANDARD = "gnu++14";
				CLANG_CXX_LIBRARY = "libc++";
				CLANG_ENABLE_MODULES = YES;
				CLANG_ENABLE_OBJC_ARC = YES;
				CLANG_ENABLE_OBJC_WEAK = YES;
				CLANG_WARN_BLOCK_CAPTURE_AUTORELEASING = YES;
				CLANG_WARN_BOOL_CONVERSION = YES;
				CLANG_WARN_COMMA = YES;
				CLANG_WARN_CONSTANT_CONVERSION = YES;
				CLANG_WARN_DEPRECATED_OBJC_IMPLEMENTATIONS = YES;
				CLANG_WARN_DIRECT_OBJC_ISA_USAGE = YES_ERROR;
				CLANG_WARN_DOCUMENTATION_COMMENTS = YES;
				CLANG_WARN_EMPTY_BODY = YES;
				CLANG_WARN_ENUM_CONVERSION = YES;
				CLANG_WARN_INFINITE_RECURSION = YES;
				CLANG_WARN_INT_CONVERSION = YES;
				CLANG_WARN_NON_LITERAL_NULL_CONVERSION = YES;
				CLANG_WARN_OBJC_IMPLICIT_RETAIN_SELF = YES;
				CLANG_WARN_OBJC_LITERAL_CONVERSION = YES;
				CLANG_WARN_OBJC_ROOT_CLASS = YES_ERROR;
				CLANG_WARN_QUOTED_INCLUDE_IN_FRAMEWORK_HEADER = YES;
				CLANG_WARN_RANGE_LOOP_ANALYSIS = YES;
				CLANG_WARN_STRICT_PROTOTYPES = YES;
				CLANG_WARN_SUSPICIOUS_MOVE = YES;
				CLANG_WARN_UNGUARDED_AVAILABILITY = YES_AGGRESSIVE;
				CLANG_WARN_UNREACHABLE_CODE = YES;
				CLANG_WARN__DUPLICATE_METHOD_MATCH = YES;
				COPY_PHASE_STRIP = NO;
				DEBUG_INFORMATION_FORMAT = dwarf;
				ENABLE_STRICT_OBJC_MSGSEND = YES;
				ENABLE_TESTABILITY = YES;
				GCC_C_LANGUAGE_STANDARD = gnu11;
				GCC_DYNAMIC_NO_PIC = NO;
				GCC_NO_COMMON_BLOCKS = YES;
				GCC_OPTIMIZATION_LEVEL = 0;
				GCC_PREPROCESSOR_DEFINITIONS = (
					"DEBUG=1",
					"$(inherited)",
				);
				GCC_WARN_64_TO_32_BIT_CONVERSION = YES;
				GCC_WARN_ABOUT_RETURN_TYPE = YES_ERROR;
				GCC_WARN_UNDECLARED_SELECTOR = YES;
				GCC_WARN_UNINITIALIZED_AUTOS = YES_AGGRESSIVE;
				GCC_WARN_UNUSED_FUNCTION = YES;
				GCC_WARN_UNUSED_VARIABLE = YES;
				IPHONEOS_DEPLOYMENT_TARGET = 14.5;
				MTL_ENABLE_DEBUG_INFO = INCLUDE_SOURCE;
				MTL_FAST_MATH = YES;
				ONLY_ACTIVE_ARCH = YES;
				SDKROOT = iphoneos;
				SWIFT_ACTIVE_COMPILATION_CONDITIONS = DEBUG;
				SWIFT_OPTIMIZATION_LEVEL = "-Onone";
			};
			name = Debug;
		};
		3915360A26A94330009535DC /* Release */ = {
			isa = XCBuildConfiguration;
			buildSettings = {
				ALWAYS_SEARCH_USER_PATHS = NO;
				CLANG_ANALYZER_NONNULL = YES;
				CLANG_ANALYZER_NUMBER_OBJECT_CONVERSION = YES_AGGRESSIVE;
				CLANG_CXX_LANGUAGE_STANDARD = "gnu++14";
				CLANG_CXX_LIBRARY = "libc++";
				CLANG_ENABLE_MODULES = YES;
				CLANG_ENABLE_OBJC_ARC = YES;
				CLANG_ENABLE_OBJC_WEAK = YES;
				CLANG_WARN_BLOCK_CAPTURE_AUTORELEASING = YES;
				CLANG_WARN_BOOL_CONVERSION = YES;
				CLANG_WARN_COMMA = YES;
				CLANG_WARN_CONSTANT_CONVERSION = YES;
				CLANG_WARN_DEPRECATED_OBJC_IMPLEMENTATIONS = YES;
				CLANG_WARN_DIRECT_OBJC_ISA_USAGE = YES_ERROR;
				CLANG_WARN_DOCUMENTATION_COMMENTS = YES;
				CLANG_WARN_EMPTY_BODY = YES;
				CLANG_WARN_ENUM_CONVERSION = YES;
				CLANG_WARN_INFINITE_RECURSION = YES;
				CLANG_WARN_INT_CONVERSION = YES;
				CLANG_WARN_NON_LITERAL_NULL_CONVERSION = YES;
				CLANG_WARN_OBJC_IMPLICIT_RETAIN_SELF = YES;
				CLANG_WARN_OBJC_LITERAL_CONVERSION = YES;
				CLANG_WARN_OBJC_ROOT_CLASS = YES_ERROR;
				CLANG_WARN_QUOTED_INCLUDE_IN_FRAMEWORK_HEADER = YES;
				CLANG_WARN_RANGE_LOOP_ANALYSIS = YES;
				CLANG_WARN_STRICT_PROTOTYPES = YES;
				CLANG_WARN_SUSPICIOUS_MOVE = YES;
				CLANG_WARN_UNGUARDED_AVAILABILITY = YES_AGGRESSIVE;
				CLANG_WARN_UNREACHABLE_CODE = YES;
				CLANG_WARN__DUPLICATE_METHOD_MATCH = YES;
				COPY_PHASE_STRIP = NO;
				DEBUG_INFORMATION_FORMAT = "dwarf-with-dsym";
				ENABLE_NS_ASSERTIONS = NO;
				ENABLE_STRICT_OBJC_MSGSEND = YES;
				GCC_C_LANGUAGE_STANDARD = gnu11;
				GCC_NO_COMMON_BLOCKS = YES;
				GCC_WARN_64_TO_32_BIT_CONVERSION = YES;
				GCC_WARN_ABOUT_RETURN_TYPE = YES_ERROR;
				GCC_WARN_UNDECLARED_SELECTOR = YES;
				GCC_WARN_UNINITIALIZED_AUTOS = YES_AGGRESSIVE;
				GCC_WARN_UNUSED_FUNCTION = YES;
				GCC_WARN_UNUSED_VARIABLE = YES;
				IPHONEOS_DEPLOYMENT_TARGET = 14.5;
				MTL_ENABLE_DEBUG_INFO = NO;
				MTL_FAST_MATH = YES;
				SDKROOT = iphoneos;
				SWIFT_COMPILATION_MODE = wholemodule;
				SWIFT_OPTIMIZATION_LEVEL = "-O";
				VALIDATE_PRODUCT = YES;
			};
			name = Release;
		};
		3915360C26A94330009535DC /* Debug */ = {
			isa = XCBuildConfiguration;
			baseConfigurationReference = BAF6FFD29E6FF3CC3E4F75C2 /* Pods-GHSearch.debug.xcconfig */;
			buildSettings = {
				ASSETCATALOG_COMPILER_APPICON_NAME = AppIcon;
				ASSETCATALOG_COMPILER_GLOBAL_ACCENT_COLOR_NAME = AccentColor;
				CODE_SIGN_STYLE = Automatic;
				DEVELOPMENT_TEAM = WCFPRNZ278;
				INFOPLIST_FILE = GHSearch/Info.plist;
				LD_RUNPATH_SEARCH_PATHS = (
					"$(inherited)",
					"@executable_path/Frameworks",
				);
				PRODUCT_BUNDLE_IDENTIFIER = com.min.GHSearch;
				PRODUCT_NAME = "$(TARGET_NAME)";
				SWIFT_VERSION = 5.0;
				TARGETED_DEVICE_FAMILY = "1,2";
			};
			name = Debug;
		};
		3915360D26A94330009535DC /* Release */ = {
			isa = XCBuildConfiguration;
			baseConfigurationReference = 6314BC6CB9AF52DD54E0EFF5 /* Pods-GHSearch.release.xcconfig */;
			buildSettings = {
				ASSETCATALOG_COMPILER_APPICON_NAME = AppIcon;
				ASSETCATALOG_COMPILER_GLOBAL_ACCENT_COLOR_NAME = AccentColor;
				CODE_SIGN_STYLE = Automatic;
				DEVELOPMENT_TEAM = WCFPRNZ278;
				INFOPLIST_FILE = GHSearch/Info.plist;
				LD_RUNPATH_SEARCH_PATHS = (
					"$(inherited)",
					"@executable_path/Frameworks",
				);
				PRODUCT_BUNDLE_IDENTIFIER = com.min.GHSearch;
				PRODUCT_NAME = "$(TARGET_NAME)";
				SWIFT_VERSION = 5.0;
				TARGETED_DEVICE_FAMILY = "1,2";
			};
			name = Release;
		};
		3915360F26A94330009535DC /* Debug */ = {
			isa = XCBuildConfiguration;
			baseConfigurationReference = 44E1ABD841FF50995A246012 /* Pods-GHSearchTests.debug.xcconfig */;
			buildSettings = {
				ALWAYS_EMBED_SWIFT_STANDARD_LIBRARIES = YES;
				BUNDLE_LOADER = "$(TEST_HOST)";
				CODE_SIGN_STYLE = Automatic;
				DEVELOPMENT_TEAM = WCFPRNZ278;
				INFOPLIST_FILE = GHSearchTests/Info.plist;
				IPHONEOS_DEPLOYMENT_TARGET = 14.5;
				LD_RUNPATH_SEARCH_PATHS = (
					"$(inherited)",
					"@executable_path/Frameworks",
					"@loader_path/Frameworks",
				);
				PRODUCT_BUNDLE_IDENTIFIER = com.min.GHSearchTests;
				PRODUCT_NAME = "$(TARGET_NAME)";
				SWIFT_VERSION = 5.0;
				TARGETED_DEVICE_FAMILY = "1,2";
				TEST_HOST = "$(BUILT_PRODUCTS_DIR)/GHSearch.app/GHSearch";
			};
			name = Debug;
		};
		3915361026A94330009535DC /* Release */ = {
			isa = XCBuildConfiguration;
			baseConfigurationReference = 0C61E13AF61227E6CF9F9E8C /* Pods-GHSearchTests.release.xcconfig */;
			buildSettings = {
				ALWAYS_EMBED_SWIFT_STANDARD_LIBRARIES = YES;
				BUNDLE_LOADER = "$(TEST_HOST)";
				CODE_SIGN_STYLE = Automatic;
				DEVELOPMENT_TEAM = WCFPRNZ278;
				INFOPLIST_FILE = GHSearchTests/Info.plist;
				IPHONEOS_DEPLOYMENT_TARGET = 14.5;
				LD_RUNPATH_SEARCH_PATHS = (
					"$(inherited)",
					"@executable_path/Frameworks",
					"@loader_path/Frameworks",
				);
				PRODUCT_BUNDLE_IDENTIFIER = com.min.GHSearchTests;
				PRODUCT_NAME = "$(TARGET_NAME)";
				SWIFT_VERSION = 5.0;
				TARGETED_DEVICE_FAMILY = "1,2";
				TEST_HOST = "$(BUILT_PRODUCTS_DIR)/GHSearch.app/GHSearch";
			};
			name = Release;
		};
		3915361226A94330009535DC /* Debug */ = {
			isa = XCBuildConfiguration;
			baseConfigurationReference = 95E7329D4F43A355BBFFCF36 /* Pods-GHSearch-GHSearchUITests.debug.xcconfig */;
			buildSettings = {
				ALWAYS_EMBED_SWIFT_STANDARD_LIBRARIES = YES;
				CODE_SIGN_STYLE = Automatic;
				DEVELOPMENT_TEAM = WCFPRNZ278;
				INFOPLIST_FILE = GHSearchUITests/Info.plist;
				LD_RUNPATH_SEARCH_PATHS = (
					"$(inherited)",
					"@executable_path/Frameworks",
					"@loader_path/Frameworks",
				);
				PRODUCT_BUNDLE_IDENTIFIER = com.min.GHSearchUITests;
				PRODUCT_NAME = "$(TARGET_NAME)";
				SWIFT_VERSION = 5.0;
				TARGETED_DEVICE_FAMILY = "1,2";
				TEST_TARGET_NAME = GHSearch;
			};
			name = Debug;
		};
		3915361326A94330009535DC /* Release */ = {
			isa = XCBuildConfiguration;
			baseConfigurationReference = 485AB5F784003471C7F0E9DB /* Pods-GHSearch-GHSearchUITests.release.xcconfig */;
			buildSettings = {
				ALWAYS_EMBED_SWIFT_STANDARD_LIBRARIES = YES;
				CODE_SIGN_STYLE = Automatic;
				DEVELOPMENT_TEAM = WCFPRNZ278;
				INFOPLIST_FILE = GHSearchUITests/Info.plist;
				LD_RUNPATH_SEARCH_PATHS = (
					"$(inherited)",
					"@executable_path/Frameworks",
					"@loader_path/Frameworks",
				);
				PRODUCT_BUNDLE_IDENTIFIER = com.min.GHSearchUITests;
				PRODUCT_NAME = "$(TARGET_NAME)";
				SWIFT_VERSION = 5.0;
				TARGETED_DEVICE_FAMILY = "1,2";
				TEST_TARGET_NAME = GHSearch;
			};
			name = Release;
		};
/* End XCBuildConfiguration section */

/* Begin XCConfigurationList section */
		391535DC26A94329009535DC /* Build configuration list for PBXProject "GHSearch" */ = {
			isa = XCConfigurationList;
			buildConfigurations = (
				3915360926A94330009535DC /* Debug */,
				3915360A26A94330009535DC /* Release */,
			);
			defaultConfigurationIsVisible = 0;
			defaultConfigurationName = Release;
		};
		3915360B26A94330009535DC /* Build configuration list for PBXNativeTarget "GHSearch" */ = {
			isa = XCConfigurationList;
			buildConfigurations = (
				3915360C26A94330009535DC /* Debug */,
				3915360D26A94330009535DC /* Release */,
			);
			defaultConfigurationIsVisible = 0;
			defaultConfigurationName = Release;
		};
		3915360E26A94330009535DC /* Build configuration list for PBXNativeTarget "GHSearchTests" */ = {
			isa = XCConfigurationList;
			buildConfigurations = (
				3915360F26A94330009535DC /* Debug */,
				3915361026A94330009535DC /* Release */,
			);
			defaultConfigurationIsVisible = 0;
			defaultConfigurationName = Release;
		};
		3915361126A94330009535DC /* Build configuration list for PBXNativeTarget "GHSearchUITests" */ = {
			isa = XCConfigurationList;
			buildConfigurations = (
				3915361226A94330009535DC /* Debug */,
				3915361326A94330009535DC /* Release */,
			);
			defaultConfigurationIsVisible = 0;
			defaultConfigurationName = Release;
		};
/* End XCConfigurationList section */
	};
	rootObject = 391535D926A94329009535DC /* Project object */;
}
